
Microsoft Visual Studio Solution File, Format Version 12.00
# Visual Studio Version 17
VisualStudioVersion = 17.14.36717.8 d17.14
MinimumVisualStudioVersion = 10.0.40219.1
Project("{FAE04EC0-301F-11D3-BF4B-00C04F79EFBC}") = "CLAIM.SYSTEM.POE", "CLAIM.SYSTEM.POE.csproj", "{D825B01C-5AC7-4969-8F5B-E51C51D751C9}"
EndProject
Global
	GlobalSection(SolutionConfigurationPlatforms) = preSolution
		Debug|Any CPU = Debug|Any CPU
		Release|Any CPU = Release|Any CPU
	EndGlobalSection
	GlobalSection(ProjectConfigurationPlatforms) = postSolution
		{D825B01C-5AC7-4969-8F5B-E51C51D751C9}.Debug|Any CPU.ActiveCfg = Debug|Any CPU
		{D825B01C-5AC7-4969-8F5B-E51C51D751C9}.Debug|Any CPU.Build.0 = Debug|Any CPU
		{D825B01C-5AC7-4969-8F5B-E51C51D751C9}.Release|Any CPU.ActiveCfg = Release|Any CPU
		{D825B01C-5AC7-4969-8F5B-E51C51D751C9}.Release|Any CPU.Build.0 = Release|Any CPU
	EndGlobalSection
	GlobalSection(SolutionProperties) = preSolution
		HideSolutionNode = FALSE
	EndGlobalSection
	GlobalSection(ExtensibilityGlobals) = postSolution
		SolutionGuid = {9A405E38-48DF-46CB-BEB7-10DA36CDD749}
	EndGlobalSection
EndGlobal
